
Microsoft Visual Studio Solution File, Format Version 12.00
# Visual Studio Version 16
VisualStudioVersion = 16.0.30011.22
MinimumVisualStudioVersion = 10.0.40219.1
Project("{FAE04EC0-301F-11D3-BF4B-00C04F79EFBC}") = "NLogProject", "NLogProject.csproj", "{421F31CE-E6C8-4529-803C-ECE1F8757CFE}"
EndProject
Global
	GlobalSection(SolutionConfigurationPlatforms) = preSolution
		Debug|Any CPU = Debug|Any CPU
		Release|Any CPU = Release|Any CPU
	EndGlobalSection
	GlobalSection(ProjectConfigurationPlatforms) = postSolution
		{421F31CE-E6C8-4529-803C-ECE1F8757CFE}.Debug|Any CPU.ActiveCfg = Debug|Any CPU
		{421F31CE-E6C8-4529-803C-ECE1F8757CFE}.Debug|Any CPU.Build.0 = Debug|Any CPU
		{421F31CE-E6C8-4529-803C-ECE1F8757CFE}.Release|Any CPU.ActiveCfg = Release|Any CPU
		{421F31CE-E6C8-4529-803C-ECE1F8757CFE}.Release|Any CPU.Build.0 = Release|Any CPU
	EndGlobalSection
	GlobalSection(SolutionProperties) = preSolution
		HideSolutionNode = FALSE
	EndGlobalSection
	GlobalSection(ExtensibilityGlobals) = postSolution
		SolutionGuid = {0876F4FD-5A77-4D52-8DDE-A4A970F8ED6B}
	EndGlobalSection
EndGlobal
